
Microsoft Visual Studio Solution File, Format Version 12.00
# Visual Studio Version 16
VisualStudioVersion = 16.0.30011.22
MinimumVisualStudioVersion = 10.0.40219.1
Project("{8BC9CEB8-8B4A-11D0-8D11-00A0C91BC942}") = "Pacman", "Pacman.vcxproj", "{2FB21D23-41B8-4C34-BC67-D35B1ED1370A}"
EndProject
Global
	GlobalSection(SolutionConfigurationPlatforms) = preSolution
		Debug|x64 = Debug|x64
		Debug|x86 = Debug|x86
		Release|x64 = Release|x64
		Release|x86 = Release|x86
	EndGlobalSection
	GlobalSection(ProjectConfigurationPlatforms) = postSolution
		{2FB21D23-41B8-4C34-BC67-D35B1ED1370A}.Debug|x64.ActiveCfg = Debug|x64
		{2FB21D23-41B8-4C34-BC67-D35B1ED1370A}.Debug|x64.Build.0 = Debug|x64
		{2FB21D23-41B8-4C34-BC67-D35B1ED1370A}.Debug|x86.ActiveCfg = Debug|Win32
		{2FB21D23-41B8-4C34-BC67-D35B1ED1370A}.Debug|x86.Build.0 = Debug|Win32
		{2FB21D23-41B8-4C34-BC67-D35B1ED1370A}.Release|x64.ActiveCfg = Release|x64
		{2FB21D23-41B8-4C34-BC67-D35B1ED1370A}.Release|x64.Build.0 = Release|x64
		{2FB21D23-41B8-4C34-BC67-D35B1ED1370A}.Release|x86.ActiveCfg = Release|Win32
		{2FB21D23-41B8-4C34-BC67-D35B1ED1370A}.Release|x86.Build.0 = Release|Win32
	EndGlobalSection
	GlobalSection(SolutionProperties) = preSolution
		HideSolutionNode = FALSE
	EndGlobalSection
	GlobalSection(ExtensibilityGlobals) = postSolution
		SolutionGuid = {CE930BC0-3662-4B5B-8A10-41F36CD0CADD}
	EndGlobalSection
EndGlobal
